
Microsoft Visual Studio Solution File, Format Version 12.00
# Visual Studio Version 16
VisualStudioVersion = 16.0.33927.289
MinimumVisualStudioVersion = 10.0.40219.1
Project("{FAE04EC0-301F-11D3-BF4B-00C04F79EFBC}") = "Projeto Zoologico", "Projeto Zoologico\Projeto Zoologico.csproj", "{1CA21947-F745-4F0C-AB9A-338687C63018}"
EndProject
Global
	GlobalSection(SolutionConfigurationPlatforms) = preSolution
		Debug|Any CPU = Debug|Any CPU
		Release|Any CPU = Release|Any CPU
	EndGlobalSection
	GlobalSection(ProjectConfigurationPlatforms) = postSolution
		{1CA21947-F745-4F0C-AB9A-338687C63018}.Debug|Any CPU.ActiveCfg = Debug|Any CPU
		{1CA21947-F745-4F0C-AB9A-338687C63018}.Debug|Any CPU.Build.0 = Debug|Any CPU
		{1CA21947-F745-4F0C-AB9A-338687C63018}.Release|Any CPU.ActiveCfg = Release|Any CPU
		{1CA21947-F745-4F0C-AB9A-338687C63018}.Release|Any CPU.Build.0 = Release|Any CPU
	EndGlobalSection
	GlobalSection(SolutionProperties) = preSolution
		HideSolutionNode = FALSE
	EndGlobalSection
	GlobalSection(ExtensibilityGlobals) = postSolution
		SolutionGuid = {45797004-3EDA-47B6-B9D5-C3011EC4CB64}
	EndGlobalSection
EndGlobal
